{
  "name": "@insforge/shared-schemas",
  "version": "1.0.0",
  "lockfileVersion": 3,
  "requires": true,
  "packages": {
    "": {
      "name": "@insforge/shared-schemas",
      "version": "1.0.0",
      "dependencies": {
        "zod": "^4.0.14"
      },
      "devDependencies": {
        "typescript": "^5.3.3"
      }
    }
  }
}